
Microsoft Visual Studio Solution File, Format Version 12.00
Project("{FAE04EC0-301F-11D3-BF4B-00C04F79EFBC}") = "CampusAPI", "CampusAPI.csproj", "{5262EB67-4AA0-4278-BBAF-3A612AF0C857}"
EndProject
Project("{FAE04EC0-301F-11D3-BF4B-00C04F79EFBC}") = "CampusAPI.Model", "CampusAPI.Model\CampusAPI.Model.csproj", "{8C2995CE-02B6-41BA-9AD7-4FC8232A57F7}"
EndProject
Project("{FAE04EC0-301F-11D3-BF4B-00C04F79EFBC}") = "CampusAPI.Db", "CampusAPI.Db\CampusAPI.Db.csproj", "{015ADB95-AB61-4562-B798-B502EEDF8B49}"
EndProject
Project("{2150E333-8FDC-42A3-9474-1A3956D46DE8}") = "Applications", "Applications", "{A96795EC-0F22-4696-B227-3A9C5710DA7B}"
EndProject
Project("{2150E333-8FDC-42A3-9474-1A3956D46DE8}") = "Common", "Common", "{E78981CA-82D1-42CF-BF08-617930112BE4}"
EndProject
Global
	GlobalSection(SolutionConfigurationPlatforms) = preSolution
		Debug|Any CPU = Debug|Any CPU
		Release|Any CPU = Release|Any CPU
	EndGlobalSection
	GlobalSection(ProjectConfigurationPlatforms) = postSolution
		{5262EB67-4AA0-4278-BBAF-3A612AF0C857}.Debug|Any CPU.ActiveCfg = Debug|Any CPU
		{5262EB67-4AA0-4278-BBAF-3A612AF0C857}.Debug|Any CPU.Build.0 = Debug|Any CPU
		{5262EB67-4AA0-4278-BBAF-3A612AF0C857}.Release|Any CPU.ActiveCfg = Release|Any CPU
		{5262EB67-4AA0-4278-BBAF-3A612AF0C857}.Release|Any CPU.Build.0 = Release|Any CPU
		{8C2995CE-02B6-41BA-9AD7-4FC8232A57F7}.Debug|Any CPU.ActiveCfg = Debug|Any CPU
		{8C2995CE-02B6-41BA-9AD7-4FC8232A57F7}.Debug|Any CPU.Build.0 = Debug|Any CPU
		{8C2995CE-02B6-41BA-9AD7-4FC8232A57F7}.Release|Any CPU.ActiveCfg = Release|Any CPU
		{8C2995CE-02B6-41BA-9AD7-4FC8232A57F7}.Release|Any CPU.Build.0 = Release|Any CPU
		{015ADB95-AB61-4562-B798-B502EEDF8B49}.Debug|Any CPU.ActiveCfg = Debug|Any CPU
		{015ADB95-AB61-4562-B798-B502EEDF8B49}.Debug|Any CPU.Build.0 = Debug|Any CPU
		{015ADB95-AB61-4562-B798-B502EEDF8B49}.Release|Any CPU.ActiveCfg = Release|Any CPU
		{015ADB95-AB61-4562-B798-B502EEDF8B49}.Release|Any CPU.Build.0 = Release|Any CPU
	EndGlobalSection
	GlobalSection(NestedProjects) = preSolution
		{5262EB67-4AA0-4278-BBAF-3A612AF0C857} = {A96795EC-0F22-4696-B227-3A9C5710DA7B}
		{015ADB95-AB61-4562-B798-B502EEDF8B49} = {E78981CA-82D1-42CF-BF08-617930112BE4}
		{8C2995CE-02B6-41BA-9AD7-4FC8232A57F7} = {E78981CA-82D1-42CF-BF08-617930112BE4}
	EndGlobalSection
EndGlobal
